
Microsoft Visual Studio Solution File, Format Version 12.00
# Visual Studio Version 17
VisualStudioVersion = 17.5.2.0
MinimumVisualStudioVersion = 10.0.40219.1
Project("{FAE04EC0-301F-11D3-BF4B-00C04F79EFBC}") = "Async Drone Dash", "Async Drone Dash.csproj", "{B202A1DD-A7BC-F8AE-2A00-CA9668382781}"
EndProject
Project("{FAE04EC0-301F-11D3-BF4B-00C04F79EFBC}") = "DroneTCS", "DroneTCS\DroneTCS.csproj", "{1FBC6AD8-6A68-44BD-9EA7-F1A1BCAA746C}"
EndProject
Project("{FAE04EC0-301F-11D3-BF4B-00C04F79EFBC}") = "Droneasync_await", "Droneasync_await\Droneasync_await.csproj", "{2714F362-A74C-4D29-9404-0D0C82C8646F}"
EndProject
Project("{FAE04EC0-301F-11D3-BF4B-00C04F79EFBC}") = "DroneThread", "DroneThread\DroneThread.csproj", "{6DE55488-D0E7-4D68-8D16-C907DAD801F8}"
EndProject
Project("{FAE04EC0-301F-11D3-BF4B-00C04F79EFBC}") = "TestTCS", "TestTCS\TestTCS.csproj", "{3409EB43-459F-4267-BDF1-4143364222E8}"
EndProject
Project("{FAE04EC0-301F-11D3-BF4B-00C04F79EFBC}") = "TestTCSFS", "TestTCSFS\TestTCSFS.csproj", "{CD9739BE-8086-4EBE-AE79-C6A3A7C2D378}"
EndProject
Global
	GlobalSection(SolutionConfigurationPlatforms) = preSolution
		Debug|Any CPU = Debug|Any CPU
		Debug|x64 = Debug|x64
		Debug|x86 = Debug|x86
		Release|Any CPU = Release|Any CPU
		Release|x64 = Release|x64
		Release|x86 = Release|x86
	EndGlobalSection
	GlobalSection(ProjectConfigurationPlatforms) = postSolution
		{B202A1DD-A7BC-F8AE-2A00-CA9668382781}.Debug|Any CPU.ActiveCfg = Debug|Any CPU
		{B202A1DD-A7BC-F8AE-2A00-CA9668382781}.Debug|Any CPU.Build.0 = Debug|Any CPU
		{B202A1DD-A7BC-F8AE-2A00-CA9668382781}.Debug|x64.ActiveCfg = Debug|Any CPU
		{B202A1DD-A7BC-F8AE-2A00-CA9668382781}.Debug|x64.Build.0 = Debug|Any CPU
		{B202A1DD-A7BC-F8AE-2A00-CA9668382781}.Debug|x86.ActiveCfg = Debug|Any CPU
		{B202A1DD-A7BC-F8AE-2A00-CA9668382781}.Debug|x86.Build.0 = Debug|Any CPU
		{B202A1DD-A7BC-F8AE-2A00-CA9668382781}.Release|Any CPU.ActiveCfg = Release|Any CPU
		{B202A1DD-A7BC-F8AE-2A00-CA9668382781}.Release|Any CPU.Build.0 = Release|Any CPU
		{B202A1DD-A7BC-F8AE-2A00-CA9668382781}.Release|x64.ActiveCfg = Release|Any CPU
		{B202A1DD-A7BC-F8AE-2A00-CA9668382781}.Release|x64.Build.0 = Release|Any CPU
		{B202A1DD-A7BC-F8AE-2A00-CA9668382781}.Release|x86.ActiveCfg = Release|Any CPU
		{B202A1DD-A7BC-F8AE-2A00-CA9668382781}.Release|x86.Build.0 = Release|Any CPU
		{1FBC6AD8-6A68-44BD-9EA7-F1A1BCAA746C}.Debug|Any CPU.ActiveCfg = Debug|Any CPU
		{1FBC6AD8-6A68-44BD-9EA7-F1A1BCAA746C}.Debug|Any CPU.Build.0 = Debug|Any CPU
		{1FBC6AD8-6A68-44BD-9EA7-F1A1BCAA746C}.Debug|x64.ActiveCfg = Debug|Any CPU
		{1FBC6AD8-6A68-44BD-9EA7-F1A1BCAA746C}.Debug|x64.Build.0 = Debug|Any CPU
		{1FBC6AD8-6A68-44BD-9EA7-F1A1BCAA746C}.Debug|x86.ActiveCfg = Debug|Any CPU
		{1FBC6AD8-6A68-44BD-9EA7-F1A1BCAA746C}.Debug|x86.Build.0 = Debug|Any CPU
		{1FBC6AD8-6A68-44BD-9EA7-F1A1BCAA746C}.Release|Any CPU.ActiveCfg = Release|Any CPU
		{1FBC6AD8-6A68-44BD-9EA7-F1A1BCAA746C}.Release|Any CPU.Build.0 = Release|Any CPU
		{1FBC6AD8-6A68-44BD-9EA7-F1A1BCAA746C}.Release|x64.ActiveCfg = Release|Any CPU
		{1FBC6AD8-6A68-44BD-9EA7-F1A1BCAA746C}.Release|x64.Build.0 = Release|Any CPU
		{1FBC6AD8-6A68-44BD-9EA7-F1A1BCAA746C}.Release|x86.ActiveCfg = Release|Any CPU
		{1FBC6AD8-6A68-44BD-9EA7-F1A1BCAA746C}.Release|x86.Build.0 = Release|Any CPU
		{2714F362-A74C-4D29-9404-0D0C82C8646F}.Debug|Any CPU.ActiveCfg = Debug|Any CPU
		{2714F362-A74C-4D29-9404-0D0C82C8646F}.Debug|Any CPU.Build.0 = Debug|Any CPU
		{2714F362-A74C-4D29-9404-0D0C82C8646F}.Debug|x64.ActiveCfg = Debug|Any CPU
		{2714F362-A74C-4D29-9404-0D0C82C8646F}.Debug|x64.Build.0 = Debug|Any CPU
		{2714F362-A74C-4D29-9404-0D0C82C8646F}.Debug|x86.ActiveCfg = Debug|Any CPU
		{2714F362-A74C-4D29-9404-0D0C82C8646F}.Debug|x86.Build.0 = Debug|Any CPU
		{2714F362-A74C-4D29-9404-0D0C82C8646F}.Release|Any CPU.ActiveCfg = Release|Any CPU
		{2714F362-A74C-4D29-9404-0D0C82C8646F}.Release|Any CPU.Build.0 = Release|Any CPU
		{2714F362-A74C-4D29-9404-0D0C82C8646F}.Release|x64.ActiveCfg = Release|Any CPU
		{2714F362-A74C-4D29-9404-0D0C82C8646F}.Release|x64.Build.0 = Release|Any CPU
		{2714F362-A74C-4D29-9404-0D0C82C8646F}.Release|x86.ActiveCfg = Release|Any CPU
		{2714F362-A74C-4D29-9404-0D0C82C8646F}.Release|x86.Build.0 = Release|Any CPU
		{6DE55488-D0E7-4D68-8D16-C907DAD801F8}.Debug|Any CPU.ActiveCfg = Debug|Any CPU
		{6DE55488-D0E7-4D68-8D16-C907DAD801F8}.Debug|Any CPU.Build.0 = Debug|Any CPU
		{6DE55488-D0E7-4D68-8D16-C907DAD801F8}.Debug|x64.ActiveCfg = Debug|Any CPU
		{6DE55488-D0E7-4D68-8D16-C907DAD801F8}.Debug|x64.Build.0 = Debug|Any CPU
		{6DE55488-D0E7-4D68-8D16-C907DAD801F8}.Debug|x86.ActiveCfg = Debug|Any CPU
		{6DE55488-D0E7-4D68-8D16-C907DAD801F8}.Debug|x86.Build.0 = Debug|Any CPU
		{6DE55488-D0E7-4D68-8D16-C907DAD801F8}.Release|Any CPU.ActiveCfg = Release|Any CPU
		{6DE55488-D0E7-4D68-8D16-C907DAD801F8}.Release|Any CPU.Build.0 = Release|Any CPU
		{6DE55488-D0E7-4D68-8D16-C907DAD801F8}.Release|x64.ActiveCfg = Release|Any CPU
		{6DE55488-D0E7-4D68-8D16-C907DAD801F8}.Release|x64.Build.0 = Release|Any CPU
		{6DE55488-D0E7-4D68-8D16-C907DAD801F8}.Release|x86.ActiveCfg = Release|Any CPU
		{6DE55488-D0E7-4D68-8D16-C907DAD801F8}.Release|x86.Build.0 = Release|Any CPU
		{3409EB43-459F-4267-BDF1-4143364222E8}.Debug|Any CPU.ActiveCfg = Debug|Any CPU
		{3409EB43-459F-4267-BDF1-4143364222E8}.Debug|Any CPU.Build.0 = Debug|Any CPU
		{3409EB43-459F-4267-BDF1-4143364222E8}.Debug|x64.ActiveCfg = Debug|Any CPU
		{3409EB43-459F-4267-BDF1-4143364222E8}.Debug|x64.Build.0 = Debug|Any CPU
		{3409EB43-459F-4267-BDF1-4143364222E8}.Debug|x86.ActiveCfg = Debug|Any CPU
		{3409EB43-459F-4267-BDF1-4143364222E8}.Debug|x86.Build.0 = Debug|Any CPU
		{3409EB43-459F-4267-BDF1-4143364222E8}.Release|Any CPU.ActiveCfg = Release|Any CPU
		{3409EB43-459F-4267-BDF1-4143364222E8}.Release|Any CPU.Build.0 = Release|Any CPU
		{3409EB43-459F-4267-BDF1-4143364222E8}.Release|x64.ActiveCfg = Release|Any CPU
		{3409EB43-459F-4267-BDF1-4143364222E8}.Release|x64.Build.0 = Release|Any CPU
		{3409EB43-459F-4267-BDF1-4143364222E8}.Release|x86.ActiveCfg = Release|Any CPU
		{3409EB43-459F-4267-BDF1-4143364222E8}.Release|x86.Build.0 = Release|Any CPU
		{CD9739BE-8086-4EBE-AE79-C6A3A7C2D378}.Debug|Any CPU.ActiveCfg = Debug|Any CPU
		{CD9739BE-8086-4EBE-AE79-C6A3A7C2D378}.Debug|Any CPU.Build.0 = Debug|Any CPU
		{CD9739BE-8086-4EBE-AE79-C6A3A7C2D378}.Debug|x64.ActiveCfg = Debug|Any CPU
		{CD9739BE-8086-4EBE-AE79-C6A3A7C2D378}.Debug|x64.Build.0 = Debug|Any CPU
		{CD9739BE-8086-4EBE-AE79-C6A3A7C2D378}.Debug|x86.ActiveCfg = Debug|Any CPU
		{CD9739BE-8086-4EBE-AE79-C6A3A7C2D378}.Debug|x86.Build.0 = Debug|Any CPU
		{CD9739BE-8086-4EBE-AE79-C6A3A7C2D378}.Release|Any CPU.ActiveCfg = Release|Any CPU
		{CD9739BE-8086-4EBE-AE79-C6A3A7C2D378}.Release|Any CPU.Build.0 = Release|Any CPU
		{CD9739BE-8086-4EBE-AE79-C6A3A7C2D378}.Release|x64.ActiveCfg = Release|Any CPU
		{CD9739BE-8086-4EBE-AE79-C6A3A7C2D378}.Release|x64.Build.0 = Release|Any CPU
		{CD9739BE-8086-4EBE-AE79-C6A3A7C2D378}.Release|x86.ActiveCfg = Release|Any CPU
		{CD9739BE-8086-4EBE-AE79-C6A3A7C2D378}.Release|x86.Build.0 = Release|Any CPU
	EndGlobalSection
	GlobalSection(SolutionProperties) = preSolution
		HideSolutionNode = FALSE
	EndGlobalSection
	GlobalSection(ExtensibilityGlobals) = postSolution
		SolutionGuid = {4F0EF9B4-7F0C-4DFC-80FA-C6A57C7A60A7}
	EndGlobalSection
EndGlobal
